
Microsoft Visual Studio Solution File, Format Version 12.00
# Visual Studio Version 17
VisualStudioVersion = 17.9.34616.47
MinimumVisualStudioVersion = 10.0.40219.1
Project("{FAE04EC0-301F-11D3-BF4B-00C04F79EFBC}") = "WpfBasics", "WpfBasics.csproj", "{701C23F1-198F-46D2-AAA8-937E71B5D213}"
EndProject
Project("{FAE04EC0-301F-11D3-BF4B-00C04F79EFBC}") = "WpfTreeview", "..\WpfTreeview\WpfTreeview.csproj", "{25A8B757-C327-41F2-AE93-70E84B41EA42}"
EndProject
Global
	GlobalSection(SolutionConfigurationPlatforms) = preSolution
		Debug|Any CPU = Debug|Any CPU
		Release|Any CPU = Release|Any CPU
	EndGlobalSection
	GlobalSection(ProjectConfigurationPlatforms) = postSolution
		{701C23F1-198F-46D2-AAA8-937E71B5D213}.Debug|Any CPU.ActiveCfg = Debug|Any CPU
		{701C23F1-198F-46D2-AAA8-937E71B5D213}.Debug|Any CPU.Build.0 = Debug|Any CPU
		{701C23F1-198F-46D2-AAA8-937E71B5D213}.Release|Any CPU.ActiveCfg = Release|Any CPU
		{701C23F1-198F-46D2-AAA8-937E71B5D213}.Release|Any CPU.Build.0 = Release|Any CPU
		{25A8B757-C327-41F2-AE93-70E84B41EA42}.Debug|Any CPU.ActiveCfg = Debug|Any CPU
		{25A8B757-C327-41F2-AE93-70E84B41EA42}.Debug|Any CPU.Build.0 = Debug|Any CPU
		{25A8B757-C327-41F2-AE93-70E84B41EA42}.Release|Any CPU.ActiveCfg = Release|Any CPU
		{25A8B757-C327-41F2-AE93-70E84B41EA42}.Release|Any CPU.Build.0 = Release|Any CPU
	EndGlobalSection
	GlobalSection(SolutionProperties) = preSolution
		HideSolutionNode = FALSE
	EndGlobalSection
	GlobalSection(ExtensibilityGlobals) = postSolution
		SolutionGuid = {12424722-DC6B-4853-ADF9-D01B712627B8}
	EndGlobalSection
EndGlobal
